
Microsoft Visual Studio Solution File, Format Version 12.00
# Visual Studio Version 17
VisualStudioVersion = 17.12.35527.113
MinimumVisualStudioVersion = 10.0.40219.1
Project("{FAE04EC0-301F-11D3-BF4B-00C04F79EFBC}") = "cargo", "cargo.csproj", "{026A1F3A-305F-4492-9E0C-5A71A97A2A9D}"
EndProject
Project("{2150E333-8FDC-42A3-9474-1A3956D46DE8}") = "Solution Items", "Solution Items", "{499815EF-AA75-4FE2-8BEF-B74ACF2427CC}"
	ProjectSection(SolutionItems) = preProject
		Default.aspx.cs = Default.aspx.cs
		Default.aspx.designer.cs = Default.aspx.designer.cs
		..\..\..\Downloads\logo.png = ..\..\..\Downloads\logo.png
		Register.aspx = Register.aspx
	EndProjectSection
EndProject
Project("{2150E333-8FDC-42A3-9474-1A3956D46DE8}") = "Content", "Content", "{B4BCD952-8434-45C3-B595-C7714A41C425}"
	ProjectSection(SolutionItems) = preProject
		styles.css = styles.css
	EndProjectSection
EndProject
Global
	GlobalSection(SolutionConfigurationPlatforms) = preSolution
		Debug|Any CPU = Debug|Any CPU
		Release|Any CPU = Release|Any CPU
	EndGlobalSection
	GlobalSection(ProjectConfigurationPlatforms) = postSolution
		{026A1F3A-305F-4492-9E0C-5A71A97A2A9D}.Debug|Any CPU.ActiveCfg = Debug|Any CPU
		{026A1F3A-305F-4492-9E0C-5A71A97A2A9D}.Debug|Any CPU.Build.0 = Debug|Any CPU
		{026A1F3A-305F-4492-9E0C-5A71A97A2A9D}.Release|Any CPU.ActiveCfg = Release|Any CPU
		{026A1F3A-305F-4492-9E0C-5A71A97A2A9D}.Release|Any CPU.Build.0 = Release|Any CPU
	EndGlobalSection
	GlobalSection(SolutionProperties) = preSolution
		HideSolutionNode = FALSE
	EndGlobalSection
EndGlobal
